// !$*UTF8*$!
{
	archiveVersion = 1;
	classes = {
	};
	objectVersion = 77;
	objects = {

/* Begin PBXBuildFile section */
		771F79C82ED0043A002421C4 /* Search in Frameworks */ = {isa = PBXBuildFile; productRef = 771F79C72ED0043A002421C4 /* Search */; };
		778B9B472D6D892800973699 /* FirebaseAppCheck in Frameworks */ = {isa = PBXBuildFile; productRef = 778B9B462D6D892800973699 /* FirebaseAppCheck */; };
		77CD3E622E878B490024C454 /* GoogleService-Info.plist in Resources */ = {isa = PBXBuildFile; fileRef = 77CD3E612E878B490024C454 /* GoogleService-Info.plist */; };
		77CD3E672E87A0CE0024C454 /* GoogleSignIn in Frameworks */ = {isa = PBXBuildFile; productRef = 77CD3E662E87A0CE0024C454 /* GoogleSignIn */; };
		77CD3E692E87A0CE0024C454 /* GoogleSignInSwift in Frameworks */ = {isa = PBXBuildFile; productRef = 77CD3E682E87A0CE0024C454 /* GoogleSignInSwift */; };
		77F2B1DC2D60729B00BDF437 /* FirebaseAuth in Frameworks */ = {isa = PBXBuildFile; productRef = 77F2B1DB2D60729B00BDF437 /* FirebaseAuth */; };
		77F2B1DE2D60729B00BDF437 /* FirebaseFirestore in Frameworks */ = {isa = PBXBuildFile; productRef = 77F2B1DD2D60729B00BDF437 /* FirebaseFirestore */; };
		77F2B1E02D60729B00BDF437 /* FirebaseStorage in Frameworks */ = {isa = PBXBuildFile; productRef = 77F2B1DF2D60729B00BDF437 /* FirebaseStorage */; };
/* End PBXBuildFile section */

/* Begin PBXContainerItemProxy section */
		77F9FF742D37673700836B0A /* PBXContainerItemProxy */ = {
			isa = PBXContainerItemProxy;
			containerPortal = 77F9FF5B2D37673300836B0A /* Project object */;
			proxyType = 1;
			remoteGlobalIDString = 77F9FF622D37673300836B0A;
			remoteInfo = ChellaTunez;
		};
		77F9FF7E2D37673700836B0A /* PBXContainerItemProxy */ = {
			isa = PBXContainerItemProxy;
			containerPortal = 77F9FF5B2D37673300836B0A /* Project object */;
			proxyType = 1;
			remoteGlobalIDString = 77F9FF622D37673300836B0A;
			remoteInfo = ChellaTunez;
		};
/* End PBXContainerItemProxy section */

/* Begin PBXFileReference section */
		77B8126F2D5175EF00268EAF /* OASIS-Info.plist */ = {isa = PBXFileReference; lastKnownFileType = text.plist.xml; path = "OASIS-Info.plist"; sourceTree = "<group>"; };
		77CD3E612E878B490024C454 /* GoogleService-Info.plist */ = {isa = PBXFileReference; lastKnownFileType = text.plist.xml; path = "GoogleService-Info.plist"; sourceTree = "<group>"; };
		77F9FF632D37673300836B0A /* OASIS.app */ = {isa = PBXFileReference; explicitFileType = wrapper.application; includeInIndex = 0; path = OASIS.app; sourceTree = BUILT_PRODUCTS_DIR; };
		77F9FF732D37673700836B0A /* OASISTests.xctest */ = {isa = PBXFileReference; explicitFileType = wrapper.cfbundle; includeInIndex = 0; path = OASISTests.xctest; sourceTree = BUILT_PRODUCTS_DIR; };
		77F9FF7D2D37673700836B0A /* OASISUITests.xctest */ = {isa = PBXFileReference; explicitFileType = wrapper.cfbundle; includeInIndex = 0; path = OASISUITests.xctest; sourceTree = BUILT_PRODUCTS_DIR; };
/* End PBXFileReference section */

/* Begin PBXFileSystemSynchronizedRootGroup section */
		77F9FF652D37673300836B0A /* OASIS */ = {
			isa = PBXFileSystemSynchronizedRootGroup;
			path = OASIS;
			sourceTree = "<group>";
		};
		77F9FF762D37673700836B0A /* OASISTests */ = {
			isa = PBXFileSystemSynchronizedRootGroup;
			path = OASISTests;
			sourceTree = "<group>";
		};
		77F9FF802D37673700836B0A /* OASISUITests */ = {
			isa = PBXFileSystemSynchronizedRootGroup;
			path = OASISUITests;
			sourceTree = "<group>";
		};
/* End PBXFileSystemSynchronizedRootGroup section */

/* Begin PBXFrameworksBuildPhase section */
		77F9FF602D37673300836B0A /* Frameworks */ = {
			isa = PBXFrameworksBuildPhase;
			buildActionMask = 2147483647;
			files = (
				77CD3E672E87A0CE0024C454 /* GoogleSignIn in Frameworks */,
				778B9B472D6D892800973699 /* FirebaseAppCheck in Frameworks */,
				77F2B1DC2D60729B00BDF437 /* FirebaseAuth in Frameworks */,
				77CD3E692E87A0CE0024C454 /* GoogleSignInSwift in Frameworks */,
				77F2B1DE2D60729B00BDF437 /* FirebaseFirestore in Frameworks */,
				77F2B1E02D60729B00BDF437 /* FirebaseStorage in Frameworks */,
				771F79C82ED0043A002421C4 /* Search in Frameworks */,
			);
			runOnlyForDeploymentPostprocessing = 0;
		};
		77F9FF702D37673700836B0A /* Frameworks */ = {
			isa = PBXFrameworksBuildPhase;
			buildActionMask = 2147483647;
			files = (
			);
			runOnlyForDeploymentPostprocessing = 0;
		};
		77F9FF7A2D37673700836B0A /* Frameworks */ = {
			isa = PBXFrameworksBuildPhase;
			buildActionMask = 2147483647;
			files = (
			);
			runOnlyForDeploymentPostprocessing = 0;
		};
/* End PBXFrameworksBuildPhase section */

/* Begin PBXGroup section */
		77F9FF5A2D37673300836B0A = {
			isa = PBXGroup;
			children = (
				77B8126F2D5175EF00268EAF /* OASIS-Info.plist */,
				77CD3E612E878B490024C454 /* GoogleService-Info.plist */,
				77F9FF652D37673300836B0A /* OASIS */,
				77F9FF762D37673700836B0A /* OASISTests */,
				77F9FF802D37673700836B0A /* OASISUITests */,
				77F9FF642D37673300836B0A /* Products */,
			);
			sourceTree = "<group>";
		};
		77F9FF642D37673300836B0A /* Products */ = {
			isa = PBXGroup;
			children = (
				77F9FF632D37673300836B0A /* OASIS.app */,
				77F9FF732D37673700836B0A /* OASISTests.xctest */,
				77F9FF7D2D37673700836B0A /* OASISUITests.xctest */,
			);
			name = Products;
			sourceTree = "<group>";
		};
/* End PBXGroup section */

/* Begin PBXNativeTarget section */
		77F9FF622D37673300836B0A /* OASIS */ = {
			isa = PBXNativeTarget;
			buildConfigurationList = 77F9FF872D37673700836B0A /* Build configuration list for PBXNativeTarget "OASIS" */;
			buildPhases = (
				77F9FF5F2D37673300836B0A /* Sources */,
				77F9FF602D37673300836B0A /* Frameworks */,
				77F9FF612D37673300836B0A /* Resources */,
			);
			buildRules = (
			);
			dependencies = (
			);
			fileSystemSynchronizedGroups = (
				77F9FF652D37673300836B0A /* OASIS */,
			);
			name = OASIS;
			packageProductDependencies = (
				77F2B1DB2D60729B00BDF437 /* FirebaseAuth */,
				77F2B1DD2D60729B00BDF437 /* FirebaseFirestore */,
				77F2B1DF2D60729B00BDF437 /* FirebaseStorage */,
				778B9B462D6D892800973699 /* FirebaseAppCheck */,
				77CD3E662E87A0CE0024C454 /* GoogleSignIn */,
				77CD3E682E87A0CE0024C454 /* GoogleSignInSwift */,
				771F79C72ED0043A002421C4 /* Search */,
			);
			productName = ChellaTunez;
			productReference = 77F9FF632D37673300836B0A /* OASIS.app */;
			productType = "com.apple.product-type.application";
		};
		77F9FF722D37673700836B0A /* OASISTests */ = {
			isa = PBXNativeTarget;
			buildConfigurationList = 77F9FF8A2D37673700836B0A /* Build configuration list for PBXNativeTarget "OASISTests" */;
			buildPhases = (
				77F9FF6F2D37673700836B0A /* Sources */,
				77F9FF702D37673700836B0A /* Frameworks */,
				77F9FF712D37673700836B0A /* Resources */,
			);
			buildRules = (
			);
			dependencies = (
				77F9FF752D37673700836B0A /* PBXTargetDependency */,
			);
			fileSystemSynchronizedGroups = (
				77F9FF762D37673700836B0A /* OASISTests */,
			);
			name = OASISTests;
			packageProductDependencies = (
			);
			productName = ChellaTunezTests;
			productReference = 77F9FF732D37673700836B0A /* OASISTests.xctest */;
			productType = "com.apple.product-type.bundle.unit-test";
		};
		77F9FF7C2D37673700836B0A /* OASISUITests */ = {
			isa = PBXNativeTarget;
			buildConfigurationList = 77F9FF8D2D37673700836B0A /* Build configuration list for PBXNativeTarget "OASISUITests" */;
			buildPhases = (
				77F9FF792D37673700836B0A /* Sources */,
				77F9FF7A2D37673700836B0A /* Frameworks */,
				77F9FF7B2D37673700836B0A /* Resources */,
			);
			buildRules = (
			);
			dependencies = (
				77F9FF7F2D37673700836B0A /* PBXTargetDependency */,
			);
			fileSystemSynchronizedGroups = (
				77F9FF802D37673700836B0A /* OASISUITests */,
			);
			name = OASISUITests;
			packageProductDependencies = (
			);
			productName = ChellaTunezUITests;
			productReference = 77F9FF7D2D37673700836B0A /* OASISUITests.xctest */;
			productType = "com.apple.product-type.bundle.ui-testing";
		};
/* End PBXNativeTarget section */

/* Begin PBXProject section */
		77F9FF5B2D37673300836B0A /* Project object */ = {
			isa = PBXProject;
			attributes = {
				BuildIndependentTargetsInParallel = 1;
				LastSwiftUpdateCheck = 1620;
				LastUpgradeCheck = 1620;
				TargetAttributes = {
					77F9FF622D37673300836B0A = {
						CreatedOnToolsVersion = 16.2;
					};
					77F9FF722D37673700836B0A = {
						CreatedOnToolsVersion = 16.2;
						TestTargetID = 77F9FF622D37673300836B0A;
					};
					77F9FF7C2D37673700836B0A = {
						CreatedOnToolsVersion = 16.2;
						TestTargetID = 77F9FF622D37673300836B0A;
					};
				};
			};
			buildConfigurationList = 77F9FF5E2D37673300836B0A /* Build configuration list for PBXProject "OASIS" */;
			developmentRegion = en;
			hasScannedForEncodings = 0;
			knownRegions = (
				en,
				Base,
			);
			mainGroup = 77F9FF5A2D37673300836B0A;
			minimizedProjectReferenceProxies = 1;
			packageReferences = (
				77F2B1DA2D60729B00BDF437 /* XCRemoteSwiftPackageReference "firebase-ios-sdk" */,
				77CD3E652E87A0CE0024C454 /* XCRemoteSwiftPackageReference "GoogleSignIn-iOS" */,
				771F79C62ED0043A002421C4 /* XCRemoteSwiftPackageReference "algoliasearch-client-swift" */,
			);
			preferredProjectObjectVersion = 77;
			productRefGroup = 77F9FF642D37673300836B0A /* Products */;
			projectDirPath = "";
			projectRoot = "";
			targets = (
				77F9FF622D37673300836B0A /* OASIS */,
				77F9FF722D37673700836B0A /* OASISTests */,
				77F9FF7C2D37673700836B0A /* OASISUITests */,
			);
		};
/* End PBXProject section */

/* Begin PBXResourcesBuildPhase section */
		77F9FF612D37673300836B0A /* Resources */ = {
			isa = PBXResourcesBuildPhase;
			buildActionMask = 2147483647;
			files = (
				77CD3E622E878B490024C454 /* GoogleService-Info.plist in Resources */,
			);
			runOnlyForDeploymentPostprocessing = 0;
		};
		77F9FF712D37673700836B0A /* Resources */ = {
			isa = PBXResourcesBuildPhase;
			buildActionMask = 2147483647;
			files = (
			);
			runOnlyForDeploymentPostprocessing = 0;
		};
		77F9FF7B2D37673700836B0A /* Resources */ = {
			isa = PBXResourcesBuildPhase;
			buildActionMask = 2147483647;
			files = (
			);
			runOnlyForDeploymentPostprocessing = 0;
		};
/* End PBXResourcesBuildPhase section */

/* Begin PBXSourcesBuildPhase section */
		77F9FF5F2D37673300836B0A /* Sources */ = {
			isa = PBXSourcesBuildPhase;
			buildActionMask = 2147483647;
			files = (
			);
			runOnlyForDeploymentPostprocessing = 0;
		};
		77F9FF6F2D37673700836B0A /* Sources */ = {
			isa = PBXSourcesBuildPhase;
			buildActionMask = 2147483647;
			files = (
			);
			runOnlyForDeploymentPostprocessing = 0;
		};
		77F9FF792D37673700836B0A /* Sources */ = {
			isa = PBXSourcesBuildPhase;
			buildActionMask = 2147483647;
			files = (
			);
			runOnlyForDeploymentPostprocessing = 0;
		};
/* End PBXSourcesBuildPhase section */

/* Begin PBXTargetDependency section */
		77F9FF752D37673700836B0A /* PBXTargetDependency */ = {
			isa = PBXTargetDependency;
			target = 77F9FF622D37673300836B0A /* OASIS */;
			targetProxy = 77F9FF742D37673700836B0A /* PBXContainerItemProxy */;
		};
		77F9FF7F2D37673700836B0A /* PBXTargetDependency */ = {
			isa = PBXTargetDependency;
			target = 77F9FF622D37673300836B0A /* OASIS */;
			targetProxy = 77F9FF7E2D37673700836B0A /* PBXContainerItemProxy */;
		};
/* End PBXTargetDependency section */

/* Begin XCBuildConfiguration section */
		77F9FF852D37673700836B0A /* Debug */ = {
			isa = XCBuildConfiguration;
			buildSettings = {
				ALWAYS_SEARCH_USER_PATHS = NO;
				ASSETCATALOG_COMPILER_GENERATE_SWIFT_ASSET_SYMBOL_EXTENSIONS = YES;
				CLANG_ANALYZER_NONNULL = YES;
				CLANG_ANALYZER_NUMBER_OBJECT_CONVERSION = YES_AGGRESSIVE;
				CLANG_CXX_LANGUAGE_STANDARD = "gnu++20";
				CLANG_ENABLE_MODULES = YES;
				CLANG_ENABLE_OBJC_ARC = YES;
				CLANG_ENABLE_OBJC_WEAK = YES;
				CLANG_WARN_BLOCK_CAPTURE_AUTORELEASING = YES;
				CLANG_WARN_BOOL_CONVERSION = YES;
				CLANG_WARN_COMMA = YES;
				CLANG_WARN_CONSTANT_CONVERSION = YES;
				CLANG_WARN_DEPRECATED_OBJC_IMPLEMENTATIONS = YES;
				CLANG_WARN_DIRECT_OBJC_ISA_USAGE = YES_ERROR;
				CLANG_WARN_DOCUMENTATION_COMMENTS = YES;
				CLANG_WARN_EMPTY_BODY = YES;
				CLANG_WARN_ENUM_CONVERSION = YES;
				CLANG_WARN_INFINITE_RECURSION = YES;
				CLANG_WARN_INT_CONVERSION = YES;
				CLANG_WARN_NON_LITERAL_NULL_CONVERSION = YES;
				CLANG_WARN_OBJC_IMPLICIT_RETAIN_SELF = YES;
				CLANG_WARN_OBJC_LITERAL_CONVERSION = YES;
				CLANG_WARN_OBJC_ROOT_CLASS = YES_ERROR;
				CLANG_WARN_QUOTED_INCLUDE_IN_FRAMEWORK_HEADER = YES;
				CLANG_WARN_RANGE_LOOP_ANALYSIS = YES;
				CLANG_WARN_STRICT_PROTOTYPES = YES;
				CLANG_WARN_SUSPICIOUS_MOVE = YES;
				CLANG_WARN_UNGUARDED_AVAILABILITY = YES_AGGRESSIVE;
				CLANG_WARN_UNREACHABLE_CODE = YES;
				CLANG_WARN__DUPLICATE_METHOD_MATCH = YES;
				COPY_PHASE_STRIP = NO;
				DEBUG_INFORMATION_FORMAT = "dwarf-with-dsym";
				ENABLE_STRICT_OBJC_MSGSEND = YES;
				ENABLE_TESTABILITY = YES;
				ENABLE_USER_SCRIPT_SANDBOXING = YES;
				GCC_C_LANGUAGE_STANDARD = gnu17;
				GCC_DYNAMIC_NO_PIC = NO;
				GCC_NO_COMMON_BLOCKS = YES;
				GCC_OPTIMIZATION_LEVEL = 0;
				GCC_PREPROCESSOR_DEFINITIONS = (
					"DEBUG=1",
					"$(inherited)",
				);
				GCC_WARN_64_TO_32_BIT_CONVERSION = YES;
				GCC_WARN_ABOUT_RETURN_TYPE = YES_ERROR;
				GCC_WARN_UNDECLARED_SELECTOR = YES;
				GCC_WARN_UNINITIALIZED_AUTOS = YES_AGGRESSIVE;
				GCC_WARN_UNUSED_FUNCTION = YES;
				GCC_WARN_UNUSED_VARIABLE = YES;
				IPHONEOS_DEPLOYMENT_TARGET = 18.2;
				LOCALIZATION_PREFERS_STRING_CATALOGS = YES;
				MTL_ENABLE_DEBUG_INFO = INCLUDE_SOURCE;
				MTL_FAST_MATH = YES;
				ONLY_ACTIVE_ARCH = YES;
				SDKROOT = iphoneos;
				SWIFT_ACTIVE_COMPILATION_CONDITIONS = "DEBUG $(inherited)";
				SWIFT_OPTIMIZATION_LEVEL = "-Onone";
			};
			name = Debug;
		};
		77F9FF862D37673700836B0A /* Release */ = {
			isa = XCBuildConfiguration;
			buildSettings = {
				ALWAYS_SEARCH_USER_PATHS = NO;
				ASSETCATALOG_COMPILER_GENERATE_SWIFT_ASSET_SYMBOL_EXTENSIONS = YES;
				CLANG_ANALYZER_NONNULL = YES;
				CLANG_ANALYZER_NUMBER_OBJECT_CONVERSION = YES_AGGRESSIVE;
				CLANG_CXX_LANGUAGE_STANDARD = "gnu++20";
				CLANG_ENABLE_MODULES = YES;
				CLANG_ENABLE_OBJC_ARC = YES;
				CLANG_ENABLE_OBJC_WEAK = YES;
				CLANG_WARN_BLOCK_CAPTURE_AUTORELEASING = YES;
				CLANG_WARN_BOOL_CONVERSION = YES;
				CLANG_WARN_COMMA = YES;
				CLANG_WARN_CONSTANT_CONVERSION = YES;
				CLANG_WARN_DEPRECATED_OBJC_IMPLEMENTATIONS = YES;
				CLANG_WARN_DIRECT_OBJC_ISA_USAGE = YES_ERROR;
				CLANG_WARN_DOCUMENTATION_COMMENTS = YES;
				CLANG_WARN_EMPTY_BODY = YES;
				CLANG_WARN_ENUM_CONVERSION = YES;
				CLANG_WARN_INFINITE_RECURSION = YES;
				CLANG_WARN_INT_CONVERSION = YES;
				CLANG_WARN_NON_LITERAL_NULL_CONVERSION = YES;
				CLANG_WARN_OBJC_IMPLICIT_RETAIN_SELF = YES;
				CLANG_WARN_OBJC_LITERAL_CONVERSION = YES;
				CLANG_WARN_OBJC_ROOT_CLASS = YES_ERROR;
				CLANG_WARN_QUOTED_INCLUDE_IN_FRAMEWORK_HEADER = YES;
				CLANG_WARN_RANGE_LOOP_ANALYSIS = YES;
				CLANG_WARN_STRICT_PROTOTYPES = YES;
				CLANG_WARN_SUSPICIOUS_MOVE = YES;
				CLANG_WARN_UNGUARDED_AVAILABILITY = YES_AGGRESSIVE;
				CLANG_WARN_UNREACHABLE_CODE = YES;
				CLANG_WARN__DUPLICATE_METHOD_MATCH = YES;
				COPY_PHASE_STRIP = NO;
				DEBUG_INFORMATION_FORMAT = "dwarf-with-dsym";
				ENABLE_NS_ASSERTIONS = NO;
				ENABLE_STRICT_OBJC_MSGSEND = YES;
				ENABLE_USER_SCRIPT_SANDBOXING = YES;
				GCC_C_LANGUAGE_STANDARD = gnu17;
				GCC_NO_COMMON_BLOCKS = YES;
				GCC_WARN_64_TO_32_BIT_CONVERSION = YES;
				GCC_WARN_ABOUT_RETURN_TYPE = YES_ERROR;
				GCC_WARN_UNDECLARED_SELECTOR = YES;
				GCC_WARN_UNINITIALIZED_AUTOS = YES_AGGRESSIVE;
				GCC_WARN_UNUSED_FUNCTION = YES;
				GCC_WARN_UNUSED_VARIABLE = YES;
				IPHONEOS_DEPLOYMENT_TARGET = 18.2;
				LOCALIZATION_PREFERS_STRING_CATALOGS = YES;
				MTL_ENABLE_DEBUG_INFO = NO;
				MTL_FAST_MATH = YES;
				SDKROOT = iphoneos;
				SWIFT_COMPILATION_MODE = wholemodule;
				VALIDATE_PRODUCT = YES;
			};
			name = Release;
		};
		77F9FF882D37673700836B0A /* Debug */ = {
			isa = XCBuildConfiguration;
			buildSettings = {
				ASSETCATALOG_COMPILER_APPICON_NAME = AppIcon;
				ASSETCATALOG_COMPILER_GLOBAL_ACCENT_COLOR_NAME = AccentColor;
				CODE_SIGN_ENTITLEMENTS = OASIS/OASIS.entitlements;
				CODE_SIGN_STYLE = Automatic;
				CURRENT_PROJECT_VERSION = 2;
				DEVELOPMENT_ASSET_PATHS = "\"OASIS/Preview Content\"";
				DEVELOPMENT_TEAM = 9GRL5X5JRY;
				ENABLE_PREVIEWS = YES;
				GENERATE_INFOPLIST_FILE = YES;
				INFOPLIST_FILE = "OASIS-Info.plist";
				INFOPLIST_KEY_CFBundleDisplayName = OASIS;
				INFOPLIST_KEY_LSApplicationCategoryType = "public.app-category.music";
				INFOPLIST_KEY_UIApplicationSceneManifest_Generation = YES;
				INFOPLIST_KEY_UIApplicationSupportsIndirectInputEvents = YES;
				INFOPLIST_KEY_UILaunchScreen_Generation = YES;
				INFOPLIST_KEY_UIStatusBarStyle = "";
				INFOPLIST_KEY_UISupportedInterfaceOrientations = UIInterfaceOrientationPortrait;
				INFOPLIST_KEY_UISupportedInterfaceOrientations_iPad = "UIInterfaceOrientationLandscapeLeft UIInterfaceOrientationLandscapeRight UIInterfaceOrientationPortrait UIInterfaceOrientationPortraitUpsideDown";
				IPHONEOS_DEPLOYMENT_TARGET = 16.6;
				LD_RUNPATH_SEARCH_PATHS = (
					"$(inherited)",
					"@executable_path/Frameworks",
				);
				MARKETING_VERSION = 1.6.2;
				PRODUCT_BUNDLE_IDENTIFIER = com.AustinZambitoValente.OASIS;
				PRODUCT_NAME = "$(TARGET_NAME)";
				SWIFT_EMIT_LOC_STRINGS = YES;
				SWIFT_VERSION = 5.0;
				TARGETED_DEVICE_FAMILY = "1,2";
			};
			name = Debug;
		};
		77F9FF892D37673700836B0A /* Release */ = {
			isa = XCBuildConfiguration;
			buildSettings = {
				ASSETCATALOG_COMPILER_APPICON_NAME = AppIcon;
				ASSETCATALOG_COMPILER_GLOBAL_ACCENT_COLOR_NAME = AccentColor;
				CODE_SIGN_ENTITLEMENTS = OASIS/OASIS.entitlements;
				CODE_SIGN_STYLE = Automatic;
				CURRENT_PROJECT_VERSION = 2;
				DEVELOPMENT_ASSET_PATHS = "\"OASIS/Preview Content\"";
				DEVELOPMENT_TEAM = 9GRL5X5JRY;
				ENABLE_PREVIEWS = YES;
				GENERATE_INFOPLIST_FILE = YES;
				INFOPLIST_FILE = "OASIS-Info.plist";
				INFOPLIST_KEY_CFBundleDisplayName = OASIS;
				INFOPLIST_KEY_LSApplicationCategoryType = "public.app-category.music";
				INFOPLIST_KEY_UIApplicationSceneManifest_Generation = YES;
				INFOPLIST_KEY_UIApplicationSupportsIndirectInputEvents = YES;
				INFOPLIST_KEY_UILaunchScreen_Generation = YES;
				INFOPLIST_KEY_UIStatusBarStyle = "";
				INFOPLIST_KEY_UISupportedInterfaceOrientations = UIInterfaceOrientationPortrait;
				INFOPLIST_KEY_UISupportedInterfaceOrientations_iPad = "UIInterfaceOrientationLandscapeLeft UIInterfaceOrientationLandscapeRight UIInterfaceOrientationPortrait UIInterfaceOrientationPortraitUpsideDown";
				IPHONEOS_DEPLOYMENT_TARGET = 16.6;
				LD_RUNPATH_SEARCH_PATHS = (
					"$(inherited)",
					"@executable_path/Frameworks",
				);
				MARKETING_VERSION = 1.6.2;
				PRODUCT_BUNDLE_IDENTIFIER = com.AustinZambitoValente.OASIS;
				PRODUCT_NAME = "$(TARGET_NAME)";
				SWIFT_EMIT_LOC_STRINGS = YES;
				SWIFT_VERSION = 5.0;
				TARGETED_DEVICE_FAMILY = "1,2";
			};
			name = Release;
		};
		77F9FF8B2D37673700836B0A /* Debug */ = {
			isa = XCBuildConfiguration;
			buildSettings = {
				BUNDLE_LOADER = "$(TEST_HOST)";
				CODE_SIGN_STYLE = Automatic;
				CURRENT_PROJECT_VERSION = 1;
				DEVELOPMENT_TEAM = 9GRL5X5JRY;
				GENERATE_INFOPLIST_FILE = YES;
				IPHONEOS_DEPLOYMENT_TARGET = 18.2;
				MARKETING_VERSION = 1.0;
				PRODUCT_BUNDLE_IDENTIFIER = com.AustinZambitoValente.ChellaTunezTests;
				PRODUCT_NAME = "$(TARGET_NAME)";
				SWIFT_EMIT_LOC_STRINGS = NO;
				SWIFT_VERSION = 5.0;
				TARGETED_DEVICE_FAMILY = "1,2";
				TEST_HOST = "$(BUILT_PRODUCTS_DIR)/OASIS.app/$(BUNDLE_EXECUTABLE_FOLDER_PATH)/OASIS";
			};
			name = Debug;
		};
		77F9FF8C2D37673700836B0A /* Release */ = {
			isa = XCBuildConfiguration;
			buildSettings = {
				BUNDLE_LOADER = "$(TEST_HOST)";
				CODE_SIGN_STYLE = Automatic;
				CURRENT_PROJECT_VERSION = 1;
				DEVELOPMENT_TEAM = 9GRL5X5JRY;
				GENERATE_INFOPLIST_FILE = YES;
				IPHONEOS_DEPLOYMENT_TARGET = 18.2;
				MARKETING_VERSION = 1.0;
				PRODUCT_BUNDLE_IDENTIFIER = com.AustinZambitoValente.ChellaTunezTests;
				PRODUCT_NAME = "$(TARGET_NAME)";
				SWIFT_EMIT_LOC_STRINGS = NO;
				SWIFT_VERSION = 5.0;
				TARGETED_DEVICE_FAMILY = "1,2";
				TEST_HOST = "$(BUILT_PRODUCTS_DIR)/OASIS.app/$(BUNDLE_EXECUTABLE_FOLDER_PATH)/OASIS";
			};
			name = Release;
		};
		77F9FF8E2D37673700836B0A /* Debug */ = {
			isa = XCBuildConfiguration;
			buildSettings = {
				CODE_SIGN_STYLE = Automatic;
				CURRENT_PROJECT_VERSION = 1;
				DEVELOPMENT_TEAM = 9GRL5X5JRY;
				GENERATE_INFOPLIST_FILE = YES;
				IPHONEOS_DEPLOYMENT_TARGET = 15.6;
				MARKETING_VERSION = 1.0;
				PRODUCT_BUNDLE_IDENTIFIER = com.AustinZambitoValente.ChellaTunezUITests;
				PRODUCT_NAME = "$(TARGET_NAME)";
				SWIFT_EMIT_LOC_STRINGS = NO;
				SWIFT_VERSION = 5.0;
				TARGETED_DEVICE_FAMILY = "1,2";
				TEST_TARGET_NAME = ChellaTunez;
			};
			name = Debug;
		};
		77F9FF8F2D37673700836B0A /* Release */ = {
			isa = XCBuildConfiguration;
			buildSettings = {
				CODE_SIGN_STYLE = Automatic;
				CURRENT_PROJECT_VERSION = 1;
				DEVELOPMENT_TEAM = 9GRL5X5JRY;
				GENERATE_INFOPLIST_FILE = YES;
				IPHONEOS_DEPLOYMENT_TARGET = 15.6;
				MARKETING_VERSION = 1.0;
				PRODUCT_BUNDLE_IDENTIFIER = com.AustinZambitoValente.ChellaTunezUITests;
				PRODUCT_NAME = "$(TARGET_NAME)";
				SWIFT_EMIT_LOC_STRINGS = NO;
				SWIFT_VERSION = 5.0;
				TARGETED_DEVICE_FAMILY = "1,2";
				TEST_TARGET_NAME = ChellaTunez;
			};
			name = Release;
		};
/* End XCBuildConfiguration section */

/* Begin XCConfigurationList section */
		77F9FF5E2D37673300836B0A /* Build configuration list for PBXProject "OASIS" */ = {
			isa = XCConfigurationList;
			buildConfigurations = (
				77F9FF852D37673700836B0A /* Debug */,
				77F9FF862D37673700836B0A /* Release */,
			);
			defaultConfigurationIsVisible = 0;
			defaultConfigurationName = Release;
		};
		77F9FF872D37673700836B0A /* Build configuration list for PBXNativeTarget "OASIS" */ = {
			isa = XCConfigurationList;
			buildConfigurations = (
				77F9FF882D37673700836B0A /* Debug */,
				77F9FF892D37673700836B0A /* Release */,
			);
			defaultConfigurationIsVisible = 0;
			defaultConfigurationName = Release;
		};
		77F9FF8A2D37673700836B0A /* Build configuration list for PBXNativeTarget "OASISTests" */ = {
			isa = XCConfigurationList;
			buildConfigurations = (
				77F9FF8B2D37673700836B0A /* Debug */,
				77F9FF8C2D37673700836B0A /* Release */,
			);
			defaultConfigurationIsVisible = 0;
			defaultConfigurationName = Release;
		};
		77F9FF8D2D37673700836B0A /* Build configuration list for PBXNativeTarget "OASISUITests" */ = {
			isa = XCConfigurationList;
			buildConfigurations = (
				77F9FF8E2D37673700836B0A /* Debug */,
				77F9FF8F2D37673700836B0A /* Release */,
			);
			defaultConfigurationIsVisible = 0;
			defaultConfigurationName = Release;
		};
/* End XCConfigurationList section */

/* Begin XCRemoteSwiftPackageReference section */
		771F79C62ED0043A002421C4 /* XCRemoteSwiftPackageReference "algoliasearch-client-swift" */ = {
			isa = XCRemoteSwiftPackageReference;
			repositoryURL = "https://github.com/algolia/algoliasearch-client-swift";
			requirement = {
				kind = upToNextMajorVersion;
				minimumVersion = 9.35.0;
			};
		};
		77CD3E652E87A0CE0024C454 /* XCRemoteSwiftPackageReference "GoogleSignIn-iOS" */ = {
			isa = XCRemoteSwiftPackageReference;
			repositoryURL = "https://github.com/google/GoogleSignIn-iOS";
			requirement = {
				kind = upToNextMajorVersion;
				minimumVersion = 9.0.0;
			};
		};
		77F2B1DA2D60729B00BDF437 /* XCRemoteSwiftPackageReference "firebase-ios-sdk" */ = {
			isa = XCRemoteSwiftPackageReference;
			repositoryURL = "https://github.com/firebase/firebase-ios-sdk";
			requirement = {
				kind = upToNextMajorVersion;
				minimumVersion = 11.8.1;
			};
		};
/* End XCRemoteSwiftPackageReference section */

/* Begin XCSwiftPackageProductDependency section */
		771F79C72ED0043A002421C4 /* Search */ = {
			isa = XCSwiftPackageProductDependency;
			package = 771F79C62ED0043A002421C4 /* XCRemoteSwiftPackageReference "algoliasearch-client-swift" */;
			productName = Search;
		};
		778B9B462D6D892800973699 /* FirebaseAppCheck */ = {
			isa = XCSwiftPackageProductDependency;
			package = 77F2B1DA2D60729B00BDF437 /* XCRemoteSwiftPackageReference "firebase-ios-sdk" */;
			productName = FirebaseAppCheck;
		};
		77CD3E662E87A0CE0024C454 /* GoogleSignIn */ = {
			isa = XCSwiftPackageProductDependency;
			package = 77CD3E652E87A0CE0024C454 /* XCRemoteSwiftPackageReference "GoogleSignIn-iOS" */;
			productName = GoogleSignIn;
		};
		77CD3E682E87A0CE0024C454 /* GoogleSignInSwift */ = {
			isa = XCSwiftPackageProductDependency;
			package = 77CD3E652E87A0CE0024C454 /* XCRemoteSwiftPackageReference "GoogleSignIn-iOS" */;
			productName = GoogleSignInSwift;
		};
		77F2B1DB2D60729B00BDF437 /* FirebaseAuth */ = {
			isa = XCSwiftPackageProductDependency;
			package = 77F2B1DA2D60729B00BDF437 /* XCRemoteSwiftPackageReference "firebase-ios-sdk" */;
			productName = FirebaseAuth;
		};
		77F2B1DD2D60729B00BDF437 /* FirebaseFirestore */ = {
			isa = XCSwiftPackageProductDependency;
			package = 77F2B1DA2D60729B00BDF437 /* XCRemoteSwiftPackageReference "firebase-ios-sdk" */;
			productName = FirebaseFirestore;
		};
		77F2B1DF2D60729B00BDF437 /* FirebaseStorage */ = {
			isa = XCSwiftPackageProductDependency;
			package = 77F2B1DA2D60729B00BDF437 /* XCRemoteSwiftPackageReference "firebase-ios-sdk" */;
			productName = FirebaseStorage;
		};
/* End XCSwiftPackageProductDependency section */
	};
	rootObject = 77F9FF5B2D37673300836B0A /* Project object */;
}
